
Microsoft Visual Studio Solution File, Format Version 12.00
# Visual Studio Version 17
VisualStudioVersion = 17.4.33213.308
MinimumVisualStudioVersion = 10.0.40219.1
Project("{FAE04EC0-301F-11D3-BF4B-00C04F79EFBC}") = "Web410921896_楊舒語", "Web410921896_楊舒語\Web410921896_楊舒語.csproj", "{75E2C613-10DA-4BA4-81D9-3293E5787D63}"
EndProject
Global
	GlobalSection(SolutionConfigurationPlatforms) = preSolution
		Debug|Any CPU = Debug|Any CPU
		Release|Any CPU = Release|Any CPU
	EndGlobalSection
	GlobalSection(ProjectConfigurationPlatforms) = postSolution
		{75E2C613-10DA-4BA4-81D9-3293E5787D63}.Debug|Any CPU.ActiveCfg = Debug|Any CPU
		{75E2C613-10DA-4BA4-81D9-3293E5787D63}.Debug|Any CPU.Build.0 = Debug|Any CPU
		{75E2C613-10DA-4BA4-81D9-3293E5787D63}.Release|Any CPU.ActiveCfg = Release|Any CPU
		{75E2C613-10DA-4BA4-81D9-3293E5787D63}.Release|Any CPU.Build.0 = Release|Any CPU
	EndGlobalSection
	GlobalSection(SolutionProperties) = preSolution
		HideSolutionNode = FALSE
	EndGlobalSection
	GlobalSection(ExtensibilityGlobals) = postSolution
		SolutionGuid = {15939400-4494-439C-BEA5-3A7E5221C211}
	EndGlobalSection
EndGlobal
